<?xml version="1.0" encoding="utf-8"?>
<Project ToolsVersion="4.0" xmlns="http://schemas.microsoft.com/developer/msbuild/2003">
  <ItemGroup>
    <Filter Include="Main">
      <UniqueIdentifier>{e6dbafdb-5fe7-4347-839a-a7b005819e5e}</UniqueIdentifier>
    </Filter>
    <Filter Include="Shaders">
      <UniqueIdentifier>{d8bc5553-7dce-4e17-ba42-804dfc6d2087}</UniqueIdentifier>
    </Filter>
    <Filter Include="Game">
      <UniqueIdentifier>{45099200-19ec-46ba-aaa5-39dd587dfa3e}</UniqueIdentifier>
    </Filter>
    <Filter Include="Main\Camera">
      <UniqueIdentifier>{acb984e5-9433-49db-9bf0-557f6bac48cb}</UniqueIdentifier>
    </Filter>
  </ItemGroup>
  <ItemGroup>
    <ClCompile Include="pch.cpp">
      <Filter>Main</Filter>
    </ClCompile>
    <ClCompile Include="Main.cpp">
      <Filter>Main</Filter>
    </ClCompile>
    <ClCompile Include="TriangleDemo_01.cpp">
      <Filter>Game</Filter>
    </ClCompile>
    <ClCompile Include="QuadDemo_02.cpp">
      <Filter>Game</Filter>
    </ClCompile>
    <ClCompile Include="ConstantBuffer_03.cpp">
      <Filter>Game</Filter>
    </ClCompile>
    <ClCompile Include="CameraDemo_04.cpp">
      <Filter>Game</Filter>
    </ClCompile>
    <ClCompile Include="CameraScript.cpp">
      <Filter>Main\Camera</Filter>
    </ClCompile>
    <ClCompile Include="TextureDemo_05.cpp">
      <Filter>Game</Filter>
    </ClCompile>
  </ItemGroup>
  <ItemGroup>
    <ClInclude Include="pch.h">
      <Filter>Main</Filter>
    </ClInclude>
    <ClInclude Include="Main.h">
      <Filter>Main</Filter>
    </ClInclude>
    <ClInclude Include="TriangleDemo_01.h">
      <Filter>Game</Filter>
    </ClInclude>
    <ClInclude Include="QuadDemo_02.h">
      <Filter>Game</Filter>
    </ClInclude>
    <ClInclude Include="ConstantBuffer_03.h">
      <Filter>Game</Filter>
    </ClInclude>
    <ClInclude Include="CameraDemo_04.h">
      <Filter>Game</Filter>
    </ClInclude>
    <ClInclude Include="CameraScript.h">
      <Filter>Main\Camera</Filter>
    </ClInclude>
    <ClInclude Include="TextureDemo_05.h">
      <Filter>Game</Filter>
    </ClInclude>
  </ItemGroup>
  <ItemGroup>
    <FxCompile Include="..\Shaders\Triangle_01.fx">
      <Filter>Shaders</Filter>
    </FxCompile>
    <FxCompile Include="..\Shaders\Quad_02.fx">
      <Filter>Shaders</Filter>
    </FxCompile>
    <FxCompile Include="..\Shaders\ConstantBuffer_03.fx">
      <Filter>Shaders</Filter>
    </FxCompile>
    <FxCompile Include="..\Shaders\World_04.fx">
      <Filter>Shaders</Filter>
    </FxCompile>
  </ItemGroup>
</Project>